
Microsoft Visual Studio Solution File, Format Version 12.00
# Visual Studio Version 17
VisualStudioVersion = 17.0.31903.59
MinimumVisualStudioVersion = 10.0.40219.1
Project("{2150E333-8FDC-42A3-9474-1A3956D46DE8}") = "src", "src", "{617608EB-2710-4BC6-9BEF-D5BD17430032}"
EndProject
Project("{FAE04EC0-301F-11D3-BF4B-00C04F79EFBC}") = "Domain", "src\Domain\Domain.csproj", "{D527701C-7FEF-4325-AEDA-C0D62BDADDD8}"
EndProject
Project("{FAE04EC0-301F-11D3-BF4B-00C04F79EFBC}") = "Application", "src\Application\Application.csproj", "{A8798BD4-34A2-45F5-8B8C-BB92F9A7E5BB}"
EndProject
Project("{FAE04EC0-301F-11D3-BF4B-00C04F79EFBC}") = "Infrastructure", "src\Infrastructure\Infrastructure.csproj", "{42CFCEDB-8AB2-48D2-B225-206641F94C14}"
EndProject
Project("{2150E333-8FDC-42A3-9474-1A3956D46DE8}") = "WebUI", "WebUI", "{BEC8DAD2-247B-4F7A-9779-93F4DC49360C}"
EndProject
Project("{FAE04EC0-301F-11D3-BF4B-00C04F79EFBC}") = "Client", "src\WebUI\Client\Client.csproj", "{580F3B50-9D6B-4967-A00B-100841148004}"
EndProject
Project("{FAE04EC0-301F-11D3-BF4B-00C04F79EFBC}") = "Server", "src\WebUI\Server\Server.csproj", "{58C32858-AA32-4F02-853C-058F223D8800}"
EndProject
Project("{FAE04EC0-301F-11D3-BF4B-00C04F79EFBC}") = "Shared", "src\WebUI\Shared\Shared.csproj", "{EC5D01F2-3B0B-49CA-B115-BB5C27F7D7FE}"
EndProject
Global
	GlobalSection(SolutionConfigurationPlatforms) = preSolution
		Debug|Any CPU = Debug|Any CPU
		Release|Any CPU = Release|Any CPU
	EndGlobalSection
	GlobalSection(SolutionProperties) = preSolution
		HideSolutionNode = FALSE
	EndGlobalSection
	GlobalSection(ProjectConfigurationPlatforms) = postSolution
		{D527701C-7FEF-4325-AEDA-C0D62BDADDD8}.Debug|Any CPU.ActiveCfg = Debug|Any CPU
		{D527701C-7FEF-4325-AEDA-C0D62BDADDD8}.Debug|Any CPU.Build.0 = Debug|Any CPU
		{D527701C-7FEF-4325-AEDA-C0D62BDADDD8}.Release|Any CPU.ActiveCfg = Release|Any CPU
		{D527701C-7FEF-4325-AEDA-C0D62BDADDD8}.Release|Any CPU.Build.0 = Release|Any CPU
		{A8798BD4-34A2-45F5-8B8C-BB92F9A7E5BB}.Debug|Any CPU.ActiveCfg = Debug|Any CPU
		{A8798BD4-34A2-45F5-8B8C-BB92F9A7E5BB}.Debug|Any CPU.Build.0 = Debug|Any CPU
		{A8798BD4-34A2-45F5-8B8C-BB92F9A7E5BB}.Release|Any CPU.ActiveCfg = Release|Any CPU
		{A8798BD4-34A2-45F5-8B8C-BB92F9A7E5BB}.Release|Any CPU.Build.0 = Release|Any CPU
		{42CFCEDB-8AB2-48D2-B225-206641F94C14}.Debug|Any CPU.ActiveCfg = Debug|Any CPU
		{42CFCEDB-8AB2-48D2-B225-206641F94C14}.Debug|Any CPU.Build.0 = Debug|Any CPU
		{42CFCEDB-8AB2-48D2-B225-206641F94C14}.Release|Any CPU.ActiveCfg = Release|Any CPU
		{42CFCEDB-8AB2-48D2-B225-206641F94C14}.Release|Any CPU.Build.0 = Release|Any CPU
		{580F3B50-9D6B-4967-A00B-100841148004}.Debug|Any CPU.ActiveCfg = Debug|Any CPU
		{580F3B50-9D6B-4967-A00B-100841148004}.Debug|Any CPU.Build.0 = Debug|Any CPU
		{580F3B50-9D6B-4967-A00B-100841148004}.Release|Any CPU.ActiveCfg = Release|Any CPU
		{580F3B50-9D6B-4967-A00B-100841148004}.Release|Any CPU.Build.0 = Release|Any CPU
		{58C32858-AA32-4F02-853C-058F223D8800}.Debug|Any CPU.ActiveCfg = Debug|Any CPU
		{58C32858-AA32-4F02-853C-058F223D8800}.Debug|Any CPU.Build.0 = Debug|Any CPU
		{58C32858-AA32-4F02-853C-058F223D8800}.Release|Any CPU.ActiveCfg = Release|Any CPU
		{58C32858-AA32-4F02-853C-058F223D8800}.Release|Any CPU.Build.0 = Release|Any CPU
		{EC5D01F2-3B0B-49CA-B115-BB5C27F7D7FE}.Debug|Any CPU.ActiveCfg = Debug|Any CPU
		{EC5D01F2-3B0B-49CA-B115-BB5C27F7D7FE}.Debug|Any CPU.Build.0 = Debug|Any CPU
		{EC5D01F2-3B0B-49CA-B115-BB5C27F7D7FE}.Release|Any CPU.ActiveCfg = Release|Any CPU
		{EC5D01F2-3B0B-49CA-B115-BB5C27F7D7FE}.Release|Any CPU.Build.0 = Release|Any CPU
	EndGlobalSection
	GlobalSection(NestedProjects) = preSolution
		{D527701C-7FEF-4325-AEDA-C0D62BDADDD8} = {617608EB-2710-4BC6-9BEF-D5BD17430032}
		{A8798BD4-34A2-45F5-8B8C-BB92F9A7E5BB} = {617608EB-2710-4BC6-9BEF-D5BD17430032}
		{42CFCEDB-8AB2-48D2-B225-206641F94C14} = {617608EB-2710-4BC6-9BEF-D5BD17430032}
		{BEC8DAD2-247B-4F7A-9779-93F4DC49360C} = {617608EB-2710-4BC6-9BEF-D5BD17430032}
		{580F3B50-9D6B-4967-A00B-100841148004} = {BEC8DAD2-247B-4F7A-9779-93F4DC49360C}
		{58C32858-AA32-4F02-853C-058F223D8800} = {BEC8DAD2-247B-4F7A-9779-93F4DC49360C}
		{EC5D01F2-3B0B-49CA-B115-BB5C27F7D7FE} = {BEC8DAD2-247B-4F7A-9779-93F4DC49360C}
	EndGlobalSection
EndGlobal
